
Microsoft Visual Studio Solution File, Format Version 12.00
# Visual Studio Version 17
VisualStudioVersion = 17.14.36221.1 d17.14
MinimumVisualStudioVersion = 10.0.40219.1
Project("{FAE04EC0-301F-11D3-BF4B-00C04F79EFBC}") = "ORNG_App", "ORNG_App\ORNG_App.csproj", "{D099E3D2-2FC3-4991-95A7-C1DF47304663}"
EndProject
Global
	GlobalSection(SolutionConfigurationPlatforms) = preSolution
		Debug|Any CPU = Debug|Any CPU
		Release|Any CPU = Release|Any CPU
	EndGlobalSection
	GlobalSection(ProjectConfigurationPlatforms) = postSolution
		{D099E3D2-2FC3-4991-95A7-C1DF47304663}.Debug|Any CPU.ActiveCfg = Debug|Any CPU
		{D099E3D2-2FC3-4991-95A7-C1DF47304663}.Debug|Any CPU.Build.0 = Debug|Any CPU
		{D099E3D2-2FC3-4991-95A7-C1DF47304663}.Release|Any CPU.ActiveCfg = Release|Any CPU
		{D099E3D2-2FC3-4991-95A7-C1DF47304663}.Release|Any CPU.Build.0 = Release|Any CPU
	EndGlobalSection
	GlobalSection(SolutionProperties) = preSolution
		HideSolutionNode = FALSE
	EndGlobalSection
	GlobalSection(ExtensibilityGlobals) = postSolution
		SolutionGuid = {77BC683E-9040-4F7F-8FA3-D2DCBE31E97C}
	EndGlobalSection
EndGlobal
